PODS:
  - Flutter (1.0.0)
  - shared_preferences_foundation (0.0.1):
    - Flutter
    - FlutterMacOS
  - simple_animation_progress_bar (0.0.1):
    - Flutter

DEPENDENCIES:
  - Flutter (from `Flutter`)
  - shared_preferences_foundation (from `.symlinks/plugins/shared_preferences_foundation/darwin`)
  - simple_animation_progress_bar (from `.symlinks/plugins/simple_animation_progress_bar/ios`)

EXTERNAL SOURCES:
  Flutter:
    :path: Flutter
  shared_preferences_foundation:
    :path: ".symlinks/plugins/shared_preferences_foundation/darwin"
  simple_animation_progress_bar:
    :path: ".symlinks/plugins/simple_animation_progress_bar/ios"

SPEC CHECKSUMS:
  Flutter: cabc95a1d2626b1b06e7179b784ebcf0c0cde467
  shared_preferences_foundation: fcdcbc04712aee1108ac7fda236f363274528f78
  simple_animation_progress_bar: 3f818acdbd78de0a8c48ddd7fdc88e1998a7b33f

PODFILE CHECKSUM: 70ad459eafd1ef35c98aa0e358e546b0ea405319

COCOAPODS: 1.16.2
